{
  "name": "generator-lib-example",
  "version": "1.0.0",
  "lockfileVersion": 3,
  "requires": true,
  "packages": {
    "": {
      "name": "generator-lib-example",
      "version": "1.0.0",
      "license": "MIT",
      "dependencies": {
        "generator-lib": "file:../generator-lib"
      }
    },
    "../generator-lib": {
      "version": "1.0.0",
      "license": "MIT"
    },
    "node_modules/generator-lib": {
      "resolved": "../generator-lib",
      "link": true
    }
  }
}
